
Microsoft Visual Studio Solution File, Format Version 12.00
# Visual Studio Version 17
VisualStudioVersion = 17.2.32516.85
MinimumVisualStudioVersion = 10.0.40219.1
Project("{FAE04EC0-301F-11D3-BF4B-00C04F79EFBC}") = "WebApplication1", "WebApplication1\WebApplication1.csproj", "{0E6E36FF-C7C0-4B92-A1CB-A7254F08888F}"
EndProject
Global
	GlobalSection(SolutionConfigurationPlatforms) = preSolution
		Debug|Any CPU = Debug|Any CPU
		Release|Any CPU = Release|Any CPU
	EndGlobalSection
	GlobalSection(ProjectConfigurationPlatforms) = postSolution
		{0E6E36FF-C7C0-4B92-A1CB-A7254F08888F}.Debug|Any CPU.ActiveCfg = Debug|Any CPU
		{0E6E36FF-C7C0-4B92-A1CB-A7254F08888F}.Debug|Any CPU.Build.0 = Debug|Any CPU
		{0E6E36FF-C7C0-4B92-A1CB-A7254F08888F}.Release|Any CPU.ActiveCfg = Release|Any CPU
		{0E6E36FF-C7C0-4B92-A1CB-A7254F08888F}.Release|Any CPU.Build.0 = Release|Any CPU
	EndGlobalSection
	GlobalSection(SolutionProperties) = preSolution
		HideSolutionNode = FALSE
	EndGlobalSection
	GlobalSection(ExtensibilityGlobals) = postSolution
		SolutionGuid = {B7A74CC2-D08D-4DF8-AC12-70D505B05BC3}
	EndGlobalSection
EndGlobal
